Microsoft Visual Studio Solution File, Format Version 12.00
# Visual Studio Version 17
VisualStudioVersion = 17.5.2.0
MinimumVisualStudioVersion = 10.0.40219.1
Project("{FAE04EC0-301F-11D3-BF4B-00C04F79EFBC}") = "ExerciciosProj", "ExerciciosProj.csproj", "{9474EEE6-DCCD-3042-0107-53D50B19CDB6}"
EndProject
Global
	GlobalSection(SolutionConfigurationPlatforms) = preSolution
		Debug|Any CPU = Debug|Any CPU
		Release|Any CPU = Release|Any CPU
	EndGlobalSection
	GlobalSection(ProjectConfigurationPlatforms) = postSolution
		{9474EEE6-DCCD-3042-0107-53D50B19CDB6}.Debug|Any CPU.ActiveCfg = Debug|Any CPU
		{9474EEE6-DCCD-3042-0107-53D50B19CDB6}.Debug|Any CPU.Build.0 = Debug|Any CPU
		{9474EEE6-DCCD-3042-0107-53D50B19CDB6}.Release|Any CPU.ActiveCfg = Release|Any CPU
		{9474EEE6-DCCD-3042-0107-53D50B19CDB6}.Release|Any CPU.Build.0 = Release|Any CPU
	EndGlobalSection
	GlobalSection(SolutionProperties) = preSolution
		HideSolutionNode = FALSE
	EndGlobalSection
	GlobalSection(ExtensibilityGlobals) = postSolution
		SolutionGuid = {E25EB9F9-6C81-4280-8105-6727F042477D}
	EndGlobalSection
EndGlobal
